{
  "version": 4,
  "terraform_version": "0.12.10",
  "serial": 41,
  "lineage": "2b097fb8-a035-4e8c-b234-ae4f1b545255",
  "outputs": {},
  "resources": [
    {
      "mode": "managed",
      "type": "openstack_compute_keypair_v2",
      "name": "keypair",
      "provider": "provider.openstack",
      "instances": [
        {
          "schema_version": 0,
          "attributes": {
            "fingerprint": "8c:bc:d8:56:fe:c3:fe:37:90:e2:93:9c:33:f0:60:33",
            "id": "default",
            "name": "default",
            "private_key": "",
            "public_key": "ssh-rsa AAAAB3NzaC1yc2EAAAADAQABAAACAQCkC2I1oGyhBkNJ2UrsczagNLmz8hJewcP3h0FDfa6rmLqDKUFYQWtKcjWEtRQKxPGF2f7LLYeD1J8yhQciJnKwma3oS/u3Bk8j8JlSHN9FByvYHRhSSjILfyMezpWa3YOwqw0LvMRCu3hDIHhrGBZ6wygadrHsyXWMyFQDV7SkGCg/kD/Miwc2p8TmBM2WGpA2LuEBI7/GXeNdnYwId5VQA+qGHvkZuKY5wMUqkcxfXVoJujWeNGkAISO2gZb12CZ7tDdyit3XGbJVmEuNdaLrmS4AawwsfvucV1CQO+fxEjR7ORYyo11lIRgN+Ftt+hkf9KEe8KBiLgjuiIWS8RRh6vNr77LuOcWenmKMHuhWSw2czs7TdxH3UUssi78Fc+f0tQnHz0p+0BxpKiCScWSC62DvAp8Y4bCRNKuXtt/828YGK76lWm/7UcR6Eqj1VX+Otpf6Wk2ylye+hidk8BlOm3pHegdBDlY/ckCY7oT4bVyAzMXYH5yIKJYKj9TvPFcuLegLZ4jLa+uv7m6SBcXKcJ1e+rH8z1vCDKevmtxdF5hCTxDypBCK+jrgyPXRCgDJcux7wjmy9yhuPETbS0S2x9XPD/Vj8YuyPboWf6fKyjfYieXwcVsfKPua1EKPPvR3UXyTEqsk0/58PiYA86UN8qpivXl25CMnKXD1zSP7LQ== b.kunwar@gmail.com\n",
            "region": "RegionOne",
            "value_specs": null
          },
          "private": "bnVsbA=="
        }
      ]
    },
    {
      "mode": "managed",
      "type": "openstack_containerinfra_cluster_v1",
      "name": "cluster",
      "provider": "provider.openstack",
      "instances": [
        {
          "schema_version": 0,
          "attributes": {
            "api_address": "https://10.1.0.5:6443",
            "cluster_template_id": "8f9bb137-9a72-4ceb-abf1-4abcc187049c",
            "coe_version": "v1.11.6",
            "container_version": "1.12.6",
            "create_timeout": 0,
            "created_at": "2019-10-17T13:21:09Z",
            "discovery_url": "https://discovery.etcd.io/a59043a5a95ab9e6ba707ecd31d13fd5",
            "docker_volume_size": 0,
            "flavor": "general.v1.tiny",
            "id": "0f0d824a-8598-44ce-8e91-7073f601cca7",
            "keypair": "default",
            "labels": {
              "auto_scaling_enabled": "true",
              "autoscaler_tag": "v1.0",
              "cgroup_driver": "cgroupfs",
              "cloud_provider_tag": "v1.14.0",
              "heat_container_agent_tag": "train-dev",
              "ingress_controller": "traefik",
              "kube_tag": "v1.14.6",
              "max_node_count": "5",
              "min_node_count": "1",
              "monitoring_enabled": "true",
              "tiller_enabled": "true",
              "tiller_tag": "v2.14.3"
            },
            "master_addresses": null,
            "master_count": 1,
            "master_flavor": "general.v1.tiny",
            "name": "k8s",
            "node_addresses": null,
            "node_count": 2,
            "project_id": null,
            "region": null,
            "stack_id": "3e981ac7-4a6e-47a7-9d16-7874f5e108a0",
            "timeouts": null,
            "updated_at": "2019-10-17T13:25:52Z",
            "user_id": null
          },
          "private": "eyJlMmJmYjczMC1lY2FhLTExZTYtOGY4OC0zNDM2M2JjN2M0YzAiOnsiY3JlYXRlIjozNjAwMDAwMDAwMDAwLCJkZWxldGUiOjE4MDAwMDAwMDAwMDAsInVwZGF0ZSI6MTgwMDAwMDAwMDAwMH19",
          "depends_on": [
            "openstack_compute_keypair_v2.keypair",
            "openstack_containerinfra_clustertemplate_v1.cluster_template"
          ]
        }
      ]
    },
    {
      "mode": "managed",
      "type": "openstack_containerinfra_clustertemplate_v1",
      "name": "cluster_template",
      "provider": "provider.openstack",
      "instances": [
        {
          "schema_version": 0,
          "attributes": {
            "apiserver_port": 0,
            "cluster_distro": "fedora-atomic",
            "coe": "kubernetes",
            "created_at": "2019-10-17T13:21:05Z",
            "dns_nameserver": "",
            "docker_storage_driver": "overlay2",
            "docker_volume_size": 0,
            "external_network_id": "internet",
            "fixed_network": "demo-vxlan",
            "fixed_subnet": "demo-vxlan",
            "flavor": "general.v1.tiny",
            "floating_ip_enabled": false,
            "http_proxy": "",
            "https_proxy": "",
            "id": "8f9bb137-9a72-4ceb-abf1-4abcc187049c",
            "image": "FedoraAtomic29-20190820",
            "insecure_registry": "",
            "keypair_id": "",
            "labels": {
              "auto_scaling_enabled": "true",
              "autoscaler_tag": "v1.0",
              "cgroup_driver": "cgroupfs",
              "cloud_provider_tag": "v1.14.0",
              "heat_container_agent_tag": "train-dev",
              "ingress_controller": "traefik",
              "kube_tag": "v1.14.6",
              "max_node_count": "5",
              "min_node_count": "1",
              "monitoring_enabled": "true",
              "tiller_enabled": "true",
              "tiller_tag": "v2.14.3"
            },
            "master_flavor": "general.v1.tiny",
            "master_lb_enabled": false,
            "name": "k8s",
            "network_driver": "flannel",
            "no_proxy": "",
            "project_id": "3ba0cdafe13b484390f0a26a5c98f702",
            "public": false,
            "region": "RegionOne",
            "registry_enabled": false,
            "server_type": "vm",
            "timeouts": null,
            "tls_disabled": false,
            "updated_at": "0001-01-01T00:00:00Z",
            "user_id": "dd93596d789147deb362c8683c6e20a4",
            "volume_driver": ""
          },
          "private": "eyJlMmJmYjczMC1lY2FhLTExZTYtOGY4OC0zNDM2M2JjN2M0YzAiOnsiY3JlYXRlIjo2MDAwMDAwMDAwMDAsImRlbGV0ZSI6NjAwMDAwMDAwMDAwfX0="
        }
      ]
    }
  ]
}
